
Microsoft Visual Studio Solution File, Format Version 12.00
# Visual Studio Version 17
VisualStudioVersion = 17.2.32630.192
MinimumVisualStudioVersion = 10.0.40219.1
Project("{FAE04EC0-301F-11D3-BF4B-00C04F79EFBC}") = "MultiplicationOf3By3Array", "MultiplicationOf3By3Array\MultiplicationOf3By3Array.csproj", "{8FE04934-A716-4FB6-9CD4-61967A47046D}"
EndProject
Global
	GlobalSection(SolutionConfigurationPlatforms) = preSolution
		Debug|Any CPU = Debug|Any CPU
		Release|Any CPU = Release|Any CPU
	EndGlobalSection
	GlobalSection(ProjectConfigurationPlatforms) = postSolution
		{8FE04934-A716-4FB6-9CD4-61967A47046D}.Debug|Any CPU.ActiveCfg = Debug|Any CPU
		{8FE04934-A716-4FB6-9CD4-61967A47046D}.Debug|Any CPU.Build.0 = Debug|Any CPU
		{8FE04934-A716-4FB6-9CD4-61967A47046D}.Release|Any CPU.ActiveCfg = Release|Any CPU
		{8FE04934-A716-4FB6-9CD4-61967A47046D}.Release|Any CPU.Build.0 = Release|Any CPU
	EndGlobalSection
	GlobalSection(SolutionProperties) = preSolution
		HideSolutionNode = FALSE
	EndGlobalSection
	GlobalSection(ExtensibilityGlobals) = postSolution
		SolutionGuid = {25775B80-2B1E-4A80-838C-D0A746BBEF1B}
	EndGlobalSection
EndGlobal
